
Microsoft Visual Studio Solution File, Format Version 12.00
# Visual Studio Version 16
VisualStudioVersion = 16.0.29102.190
MinimumVisualStudioVersion = 10.0.40219.1
Project("{FAE04EC0-301F-11D3-BF4B-00C04F79EFBC}") = "BHDemo.Api", "BHDemo.Api\BHDemo.Api.csproj", "{E9BE52F8-8D49-41D3-BD80-001A314D14E4}"
EndProject
Project("{FAE04EC0-301F-11D3-BF4B-00C04F79EFBC}") = "BHDemo.Data", "BHDemo.Data\BHDemo.Data.csproj", "{C10A75BD-8D31-4662-B1A4-4895751E6EA2}"
EndProject
Project("{FAE04EC0-301F-11D3-BF4B-00C04F79EFBC}") = "BHDemo.Repos", "BHDemo.Repos\BHDemo.Repos.csproj", "{3C356504-FA22-4224-AE20-10CF920BDFB1}"
EndProject
Project("{FAE04EC0-301F-11D3-BF4B-00C04F79EFBC}") = "BHDemo.Common", "BHDemo.Common\BHDemo.Common.csproj", "{C28DCAC2-5803-491E-AF0E-9B4512BEA530}"
EndProject
Project("{FAE04EC0-301F-11D3-BF4B-00C04F79EFBC}") = "BHDemo.Repos.Test", "BHDemo.Repos.Test\BHDemo.Repos.Test.csproj", "{AB564CD4-F99F-4BEA-B370-FC05EFAA04B6}"
EndProject
Global
	GlobalSection(SolutionConfigurationPlatforms) = preSolution
		Debug|Any CPU = Debug|Any CPU
		Release|Any CPU = Release|Any CPU
	EndGlobalSection
	GlobalSection(ProjectConfigurationPlatforms) = postSolution
		{E9BE52F8-8D49-41D3-BD80-001A314D14E4}.Debug|Any CPU.ActiveCfg = Debug|Any CPU
		{E9BE52F8-8D49-41D3-BD80-001A314D14E4}.Debug|Any CPU.Build.0 = Debug|Any CPU
		{E9BE52F8-8D49-41D3-BD80-001A314D14E4}.Release|Any CPU.ActiveCfg = Release|Any CPU
		{E9BE52F8-8D49-41D3-BD80-001A314D14E4}.Release|Any CPU.Build.0 = Release|Any CPU
		{C10A75BD-8D31-4662-B1A4-4895751E6EA2}.Debug|Any CPU.ActiveCfg = Debug|Any CPU
		{C10A75BD-8D31-4662-B1A4-4895751E6EA2}.Debug|Any CPU.Build.0 = Debug|Any CPU
		{C10A75BD-8D31-4662-B1A4-4895751E6EA2}.Release|Any CPU.ActiveCfg = Release|Any CPU
		{C10A75BD-8D31-4662-B1A4-4895751E6EA2}.Release|Any CPU.Build.0 = Release|Any CPU
		{3C356504-FA22-4224-AE20-10CF920BDFB1}.Debug|Any CPU.ActiveCfg = Debug|Any CPU
		{3C356504-FA22-4224-AE20-10CF920BDFB1}.Debug|Any CPU.Build.0 = Debug|Any CPU
		{3C356504-FA22-4224-AE20-10CF920BDFB1}.Release|Any CPU.ActiveCfg = Release|Any CPU
		{3C356504-FA22-4224-AE20-10CF920BDFB1}.Release|Any CPU.Build.0 = Release|Any CPU
		{C28DCAC2-5803-491E-AF0E-9B4512BEA530}.Debug|Any CPU.ActiveCfg = Debug|Any CPU
		{C28DCAC2-5803-491E-AF0E-9B4512BEA530}.Debug|Any CPU.Build.0 = Debug|Any CPU
		{C28DCAC2-5803-491E-AF0E-9B4512BEA530}.Release|Any CPU.ActiveCfg = Release|Any CPU
		{C28DCAC2-5803-491E-AF0E-9B4512BEA530}.Release|Any CPU.Build.0 = Release|Any CPU
		{AB564CD4-F99F-4BEA-B370-FC05EFAA04B6}.Debug|Any CPU.ActiveCfg = Debug|Any CPU
		{AB564CD4-F99F-4BEA-B370-FC05EFAA04B6}.Debug|Any CPU.Build.0 = Debug|Any CPU
		{AB564CD4-F99F-4BEA-B370-FC05EFAA04B6}.Release|Any CPU.ActiveCfg = Release|Any CPU
		{AB564CD4-F99F-4BEA-B370-FC05EFAA04B6}.Release|Any CPU.Build.0 = Release|Any CPU
	EndGlobalSection
	GlobalSection(SolutionProperties) = preSolution
		HideSolutionNode = FALSE
	EndGlobalSection
	GlobalSection(ExtensibilityGlobals) = postSolution
		SolutionGuid = {5C21A61F-9E6F-4D67-8B37-58D34D97E65A}
	EndGlobalSection
EndGlobal
